
Microsoft Visual Studio Solution File, Format Version 12.00
# Visual Studio Version 16
VisualStudioVersion = 16.0.28803.156
MinimumVisualStudioVersion = 10.0.40219.1
Project("{9A19103F-16F7-4668-BE54-9A1E7A4F7556}") = "Harpoon.Common", "Harpoon.Common\Harpoon.Common.csproj", "{E87D9459-4872-4DF1-80D0-5DDDC99AEA6F}"
EndProject
Project("{9A19103F-16F7-4668-BE54-9A1E7A4F7556}") = "Harpoon.Registrations", "Harpoon.Registrations\Harpoon.Registrations.csproj", "{CAB92CAE-8D46-4AE3-A062-117C8F2AD9E7}"
EndProject
Project("{9A19103F-16F7-4668-BE54-9A1E7A4F7556}") = "Harpoon.Registrations.EFStorage", "Harpoon.Registrations.EFStorage\Harpoon.Registrations.EFStorage.csproj", "{19BCDEFB-C41F-400B-BA04-48B68B80D21A}"
EndProject
Project("{9A19103F-16F7-4668-BE54-9A1E7A4F7556}") = "Harpoon.Controllers", "Harpoon.Controllers\Harpoon.Controllers.csproj", "{F1C6393D-C9BA-43A8-AD96-87CBCDD316C5}"
EndProject
Project("{2150E333-8FDC-42A3-9474-1A3956D46DE8}") = "Tests", "Tests", "{FA70A910-B4A6-43B6-826D-330C4D41F101}"
EndProject
Project("{9A19103F-16F7-4668-BE54-9A1E7A4F7556}") = "Harpoon.Tests", "Harpoon.Tests\Harpoon.Tests.csproj", "{43D43D29-5E50-41C2-83D4-742913690E34}"
EndProject
Project("{9A19103F-16F7-4668-BE54-9A1E7A4F7556}") = "Harpoon.MassTransit", "Harpoon.MassTransit\Harpoon.MassTransit.csproj", "{00224C04-0E97-4F25-8038-A0119D206065}"
EndProject
Project("{FAE04EC0-301F-11D3-BF4B-00C04F79EFBC}") = "Harpoon.Swashbuckle", "Harpoon.Swashbuckle\Harpoon.Swashbuckle.csproj", "{A2347472-1C8C-4159-B39E-05F39FE48F2A}"
EndProject
Global
	GlobalSection(SolutionConfigurationPlatforms) = preSolution
		Debug|Any CPU = Debug|Any CPU
		Release|Any CPU = Release|Any CPU
	EndGlobalSection
	GlobalSection(ProjectConfigurationPlatforms) = postSolution
		{E87D9459-4872-4DF1-80D0-5DDDC99AEA6F}.Debug|Any CPU.ActiveCfg = Debug|Any CPU
		{E87D9459-4872-4DF1-80D0-5DDDC99AEA6F}.Debug|Any CPU.Build.0 = Debug|Any CPU
		{E87D9459-4872-4DF1-80D0-5DDDC99AEA6F}.Release|Any CPU.ActiveCfg = Release|Any CPU
		{E87D9459-4872-4DF1-80D0-5DDDC99AEA6F}.Release|Any CPU.Build.0 = Release|Any CPU
		{CAB92CAE-8D46-4AE3-A062-117C8F2AD9E7}.Debug|Any CPU.ActiveCfg = Debug|Any CPU
		{CAB92CAE-8D46-4AE3-A062-117C8F2AD9E7}.Debug|Any CPU.Build.0 = Debug|Any CPU
		{CAB92CAE-8D46-4AE3-A062-117C8F2AD9E7}.Release|Any CPU.ActiveCfg = Release|Any CPU
		{CAB92CAE-8D46-4AE3-A062-117C8F2AD9E7}.Release|Any CPU.Build.0 = Release|Any CPU
		{19BCDEFB-C41F-400B-BA04-48B68B80D21A}.Debug|Any CPU.ActiveCfg = Debug|Any CPU
		{19BCDEFB-C41F-400B-BA04-48B68B80D21A}.Debug|Any CPU.Build.0 = Debug|Any CPU
		{19BCDEFB-C41F-400B-BA04-48B68B80D21A}.Release|Any CPU.ActiveCfg = Release|Any CPU
		{19BCDEFB-C41F-400B-BA04-48B68B80D21A}.Release|Any CPU.Build.0 = Release|Any CPU
		{F1C6393D-C9BA-43A8-AD96-87CBCDD316C5}.Debug|Any CPU.ActiveCfg = Debug|Any CPU
		{F1C6393D-C9BA-43A8-AD96-87CBCDD316C5}.Debug|Any CPU.Build.0 = Debug|Any CPU
		{F1C6393D-C9BA-43A8-AD96-87CBCDD316C5}.Release|Any CPU.ActiveCfg = Release|Any CPU
		{F1C6393D-C9BA-43A8-AD96-87CBCDD316C5}.Release|Any CPU.Build.0 = Release|Any CPU
		{43D43D29-5E50-41C2-83D4-742913690E34}.Debug|Any CPU.ActiveCfg = Debug|Any CPU
		{43D43D29-5E50-41C2-83D4-742913690E34}.Debug|Any CPU.Build.0 = Debug|Any CPU
		{43D43D29-5E50-41C2-83D4-742913690E34}.Release|Any CPU.ActiveCfg = Release|Any CPU
		{43D43D29-5E50-41C2-83D4-742913690E34}.Release|Any CPU.Build.0 = Release|Any CPU
		{00224C04-0E97-4F25-8038-A0119D206065}.Debug|Any CPU.ActiveCfg = Debug|Any CPU
		{00224C04-0E97-4F25-8038-A0119D206065}.Debug|Any CPU.Build.0 = Debug|Any CPU
		{00224C04-0E97-4F25-8038-A0119D206065}.Release|Any CPU.ActiveCfg = Release|Any CPU
		{00224C04-0E97-4F25-8038-A0119D206065}.Release|Any CPU.Build.0 = Release|Any CPU
		{A2347472-1C8C-4159-B39E-05F39FE48F2A}.Debug|Any CPU.ActiveCfg = Debug|Any CPU
		{A2347472-1C8C-4159-B39E-05F39FE48F2A}.Debug|Any CPU.Build.0 = Debug|Any CPU
		{A2347472-1C8C-4159-B39E-05F39FE48F2A}.Release|Any CPU.ActiveCfg = Release|Any CPU
		{A2347472-1C8C-4159-B39E-05F39FE48F2A}.Release|Any CPU.Build.0 = Release|Any CPU
	EndGlobalSection
	GlobalSection(SolutionProperties) = preSolution
		HideSolutionNode = FALSE
	EndGlobalSection
	GlobalSection(NestedProjects) = preSolution
		{43D43D29-5E50-41C2-83D4-742913690E34} = {FA70A910-B4A6-43B6-826D-330C4D41F101}
	EndGlobalSection
	GlobalSection(ExtensibilityGlobals) = postSolution
		SolutionGuid = {FC8E9CF5-623E-4D65-9202-126CDCCEB5D0}
	EndGlobalSection
EndGlobal
